
Microsoft Visual Studio Solution File, Format Version 12.00
# Visual Studio Version 16
VisualStudioVersion = 16.0.30204.135
MinimumVisualStudioVersion = 10.0.40219.1
Project("{9A19103F-16F7-4668-BE54-9A1E7A4F7556}") = "RolesApp", "RolesApp\RolesApp.csproj", "{2A1ACDBB-02E8-44C6-BB88-4B59E20402DF}"
EndProject
Global
	GlobalSection(SolutionConfigurationPlatforms) = preSolution
		Debug|Any CPU = Debug|Any CPU
		Release|Any CPU = Release|Any CPU
	EndGlobalSection
	GlobalSection(ProjectConfigurationPlatforms) = postSolution
		{2A1ACDBB-02E8-44C6-BB88-4B59E20402DF}.Debug|Any CPU.ActiveCfg = Debug|Any CPU
		{2A1ACDBB-02E8-44C6-BB88-4B59E20402DF}.Debug|Any CPU.Build.0 = Debug|Any CPU
		{2A1ACDBB-02E8-44C6-BB88-4B59E20402DF}.Release|Any CPU.ActiveCfg = Release|Any CPU
		{2A1ACDBB-02E8-44C6-BB88-4B59E20402DF}.Release|Any CPU.Build.0 = Release|Any CPU
	EndGlobalSection
	GlobalSection(SolutionProperties) = preSolution
		HideSolutionNode = FALSE
	EndGlobalSection
	GlobalSection(ExtensibilityGlobals) = postSolution
		SolutionGuid = {AF11E548-814B-4FFE-B73F-508F91D97B59}
	EndGlobalSection
EndGlobal
